
Microsoft Visual Studio Solution File, Format Version 12.00
# Visual Studio Version 16
VisualStudioVersion = 16.0.31313.79
MinimumVisualStudioVersion = 10.0.40219.1
Project("{2150E333-8FDC-42A3-9474-1A3956D46DE8}") = "src", "src", "{EC3E9127-295F-41B4-97FF-896CC85596B1}"
EndProject
Project("{2150E333-8FDC-42A3-9474-1A3956D46DE8}") = "test", "test", "{B04E652F-1004-43B2-AF09-D495AA7F71AE}"
EndProject
Project("{FAE04EC0-301F-11D3-BF4B-00C04F79EFBC}") = "crud-pessoa.api", "src\crud-pessoa.api\crud-pessoa.api.csproj", "{8C91BF1A-B8ED-4258-A5B7-2A1B095771A0}"
EndProject
Global
	GlobalSection(SolutionConfigurationPlatforms) = preSolution
		Debug|Any CPU = Debug|Any CPU
		Release|Any CPU = Release|Any CPU
	EndGlobalSection
	GlobalSection(ProjectConfigurationPlatforms) = postSolution
		{8C91BF1A-B8ED-4258-A5B7-2A1B095771A0}.Debug|Any CPU.ActiveCfg = Debug|Any CPU
		{8C91BF1A-B8ED-4258-A5B7-2A1B095771A0}.Debug|Any CPU.Build.0 = Debug|Any CPU
		{8C91BF1A-B8ED-4258-A5B7-2A1B095771A0}.Release|Any CPU.ActiveCfg = Release|Any CPU
		{8C91BF1A-B8ED-4258-A5B7-2A1B095771A0}.Release|Any CPU.Build.0 = Release|Any CPU
	EndGlobalSection
	GlobalSection(SolutionProperties) = preSolution
		HideSolutionNode = FALSE
	EndGlobalSection
	GlobalSection(NestedProjects) = preSolution
		{8C91BF1A-B8ED-4258-A5B7-2A1B095771A0} = {EC3E9127-295F-41B4-97FF-896CC85596B1}
	EndGlobalSection
	GlobalSection(ExtensibilityGlobals) = postSolution
		SolutionGuid = {A68506EF-A28D-4AE7-8B1B-DBA28D16F990}
	EndGlobalSection
EndGlobal
